// !$*UTF8*$!
{
	archiveVersion = 1;
	classes = {
	};
	objectVersion = 51;
	objects = {

/* Begin PBXBuildFile section */
		091A26AB2405E36100D0F848 /* AppDelegate.swift in Sources */ = {isa = PBXBuildFile; fileRef = 091A26AA2405E36100D0F848 /* AppDelegate.swift */; };
		091A26AD2405E36100D0F848 /* SceneDelegate.swift in Sources */ = {isa = PBXBuildFile; fileRef = 091A26AC2405E36100D0F848 /* SceneDelegate.swift */; };
		091A26AF2405E36100D0F848 /* ViewController.swift in Sources */ = {isa = PBXBuildFile; fileRef = 091A26AE2405E36100D0F848 /* ViewController.swift */; };
		091A26B22405E36100D0F848 /* Main.storyboard in Resources */ = {isa = PBXBuildFile; fileRef = 091A26B02405E36100D0F848 /* Main.storyboard */; };
		091A26B42405E36300D0F848 /* Assets.xcassets in Resources */ = {isa = PBXBuildFile; fileRef = 091A26B32405E36300D0F848 /* Assets.xcassets */; };
		091A26B72405E36300D0F848 /* LaunchScreen.storyboard in Resources */ = {isa = PBXBuildFile; fileRef = 091A26B52405E36300D0F848 /* LaunchScreen.storyboard */; };
		091A26C22405E36300D0F848 /* SpartanDriveTests.swift in Sources */ = {isa = PBXBuildFile; fileRef = 091A26C12405E36300D0F848 /* SpartanDriveTests.swift */; };
		091A26CD2405E36300D0F848 /* SpartanDriveUITests.swift in Sources */ = {isa = PBXBuildFile; fileRef = 091A26CC2405E36300D0F848 /* SpartanDriveUITests.swift */; };
		091A26DD2405E6FB00D0F848 /* CloudKit.framework in Frameworks */ = {isa = PBXBuildFile; fileRef = 091A26DC2405E6FB00D0F848 /* CloudKit.framework */; };
		2718203B2456D00200A3CB8D /* Profile.swift in Sources */ = {isa = PBXBuildFile; fileRef = 2718203A2456D00200A3CB8D /* Profile.swift */; };
		2718203D2456DA2400A3CB8D /* AppHomeTabBar.swift in Sources */ = {isa = PBXBuildFile; fileRef = 2718203C2456DA2400A3CB8D /* AppHomeTabBar.swift */; };
		2718203F2456DAE100A3CB8D /* AppHomeNav.swift in Sources */ = {isa = PBXBuildFile; fileRef = 2718203E2456DAE100A3CB8D /* AppHomeNav.swift */; };
		271820412456E89000A3CB8D /* BaseAppHome.swift in Sources */ = {isa = PBXBuildFile; fileRef = 271820402456E89000A3CB8D /* BaseAppHome.swift */; };
		276AFDF824554C6D0059AD30 /* SignUp.swift in Sources */ = {isa = PBXBuildFile; fileRef = 276AFDF724554C6D0059AD30 /* SignUp.swift */; };
		276AFDFA2455792A0059AD30 /* Login.swift in Sources */ = {isa = PBXBuildFile; fileRef = 276AFDF92455792A0059AD30 /* Login.swift */; };
		277E29AB244D463500F8B206 /* GoogleService-Info.plist in Resources */ = {isa = PBXBuildFile; fileRef = 277E29AA244D463500F8B206 /* GoogleService-Info.plist */; };
		27CD46922456204D0099DAFF /* UserDefaults.swift in Sources */ = {isa = PBXBuildFile; fileRef = 27CD46912456204D0099DAFF /* UserDefaults.swift */; };
		27EA948F2436636E00E1B528 /* User.swift in Sources */ = {isa = PBXBuildFile; fileRef = 27EA948E2436636E00E1B528 /* User.swift */; };
		4A9014C8679A0DDB85790C5A /* Pods_SpartanDrive.framework in Frameworks */ = {isa = PBXBuildFile; fileRef = DF84E2F1527B097F872B5759 /* Pods_SpartanDrive.framework */; };
		599C7FB0C0115C46758D04F2 /* Pods_SpartanDrive_SpartanDriveUITests.framework in Frameworks */ = {isa = PBXBuildFile; fileRef = A4F4B37455A45DDA456DDB9F /* Pods_SpartanDrive_SpartanDriveUITests.framework */; };
		CC20A24F31D7D956DDE09F82 /* Pods_SpartanDriveTests.framework in Frameworks */ = {isa = PBXBuildFile; fileRef = 48963702F7160F3A9C8E2F83 /* Pods_SpartanDriveTests.framework */; };
/* End PBXBuildFile section */

/* Begin PBXContainerItemProxy section */
		091A26BE2405E36300D0F848 /* PBXContainerItemProxy */ = {
			isa = PBXContainerItemProxy;
			containerPortal = 091A269F2405E36100D0F848 /* Project object */;
			proxyType = 1;
			remoteGlobalIDString = 091A26A62405E36100D0F848;
			remoteInfo = SpartanDrive;
		};
		091A26C92405E36300D0F848 /* PBXContainerItemProxy */ = {
			isa = PBXContainerItemProxy;
			containerPortal = 091A269F2405E36100D0F848 /* Project object */;
			proxyType = 1;
			remoteGlobalIDString = 091A26A62405E36100D0F848;
			remoteInfo = SpartanDrive;
		};
/* End PBXContainerItemProxy section */

/* Begin PBXFileReference section */
		091A26A72405E36100D0F848 /* SpartanDrive.app */ = {isa = PBXFileReference; explicitFileType = wrapper.application; includeInIndex = 0; path = SpartanDrive.app; sourceTree = BUILT_PRODUCTS_DIR; };
		091A26AA2405E36100D0F848 /* AppDelegate.swift */ = {isa = PBXFileReference; lastKnownFileType = sourcecode.swift; path = AppDelegate.swift; sourceTree = "<group>"; };
		091A26AC2405E36100D0F848 /* SceneDelegate.swift */ = {isa = PBXFileReference; lastKnownFileType = sourcecode.swift; path = SceneDelegate.swift; sourceTree = "<group>"; };
		091A26AE2405E36100D0F848 /* ViewController.swift */ = {isa = PBXFileReference; lastKnownFileType = sourcecode.swift; path = ViewController.swift; sourceTree = "<group>"; };
		091A26B12405E36100D0F848 /* Base */ = {isa = PBXFileReference; lastKnownFileType = file.storyboard; name = Base; path = Base.lproj/Main.storyboard; sourceTree = "<group>"; };
		091A26B32405E36300D0F848 /* Assets.xcassets */ = {isa = PBXFileReference; lastKnownFileType = folder.assetcatalog; path = Assets.xcassets; sourceTree = "<group>"; };
		091A26B62405E36300D0F848 /* Base */ = {isa = PBXFileReference; lastKnownFileType = file.storyboard; name = Base; path = Base.lproj/LaunchScreen.storyboard; sourceTree = "<group>"; };
		091A26B82405E36300D0F848 /* Info.plist */ = {isa = PBXFileReference; lastKnownFileType = text.plist.xml; path = Info.plist; sourceTree = "<group>"; };
		091A26BD2405E36300D0F848 /* SpartanDriveTests.xctest */ = {isa = PBXFileReference; explicitFileType = wrapper.cfbundle; includeInIndex = 0; path = SpartanDriveTests.xctest; sourceTree = BUILT_PRODUCTS_DIR; };
		091A26C12405E36300D0F848 /* SpartanDriveTests.swift */ = {isa = PBXFileReference; lastKnownFileType = sourcecode.swift; path = SpartanDriveTests.swift; sourceTree = "<group>"; };
		091A26C32405E36300D0F848 /* Info.plist */ = {isa = PBXFileReference; lastKnownFileType = text.plist.xml; path = Info.plist; sourceTree = "<group>"; };
		091A26C82405E36300D0F848 /* SpartanDriveUITests.xctest */ = {isa = PBXFileReference; explicitFileType = wrapper.cfbundle; includeInIndex = 0; path = SpartanDriveUITests.xctest; sourceTree = BUILT_PRODUCTS_DIR; };
		091A26CC2405E36300D0F848 /* SpartanDriveUITests.swift */ = {isa = PBXFileReference; lastKnownFileType = sourcecode.swift; path = SpartanDriveUITests.swift; sourceTree = "<group>"; };
		091A26CE2405E36300D0F848 /* Info.plist */ = {isa = PBXFileReference; lastKnownFileType = text.plist.xml; path = Info.plist; sourceTree = "<group>"; };
		091A26DA2405E6F900D0F848 /* SpartanDrive.entitlements */ = {isa = PBXFileReference; lastKnownFileType = text.plist.entitlements; path = SpartanDrive.entitlements; sourceTree = "<group>"; };
		091A26DC2405E6FB00D0F848 /* CloudKit.framework */ = {isa = PBXFileReference; lastKnownFileType = wrapper.framework; name = CloudKit.framework; path = System/Library/Frameworks/CloudKit.framework; sourceTree = SDKROOT; };
		1BFB8CED86CD9D0882324F38 /* Pods-SpartanDrive.release.xcconfig */ = {isa = PBXFileReference; includeInIndex = 1; lastKnownFileType = text.xcconfig; name = "Pods-SpartanDrive.release.xcconfig"; path = "Target Support Files/Pods-SpartanDrive/Pods-SpartanDrive.release.xcconfig"; sourceTree = "<group>"; };
		2718203A2456D00200A3CB8D /* Profile.swift */ = {isa = PBXFileReference; lastKnownFileType = sourcecode.swift; path = Profile.swift; sourceTree = "<group>"; };
		2718203C2456DA2400A3CB8D /* AppHomeTabBar.swift */ = {isa = PBXFileReference; lastKnownFileType = sourcecode.swift; path = AppHomeTabBar.swift; sourceTree = "<group>"; };
		2718203E2456DAE100A3CB8D /* AppHomeNav.swift */ = {isa = PBXFileReference; lastKnownFileType = sourcecode.swift; path = AppHomeNav.swift; sourceTree = "<group>"; };
		271820402456E89000A3CB8D /* BaseAppHome.swift */ = {isa = PBXFileReference; lastKnownFileType = sourcecode.swift; path = BaseAppHome.swift; sourceTree = "<group>"; };
		276AFDF724554C6D0059AD30 /* SignUp.swift */ = {isa = PBXFileReference; fileEncoding = 4; lastKnownFileType = sourcecode.swift; path = SignUp.swift; sourceTree = "<group>"; };
		276AFDF92455792A0059AD30 /* Login.swift */ = {isa = PBXFileReference; lastKnownFileType = sourcecode.swift; path = Login.swift; sourceTree = "<group>"; };
		277E29AA244D463500F8B206 /* GoogleService-Info.plist */ = {isa = PBXFileReference; lastKnownFileType = text.plist.xml; path = "GoogleService-Info.plist"; sourceTree = "<group>"; };
		27CD46912456204D0099DAFF /* UserDefaults.swift */ = {isa = PBXFileReference; lastKnownFileType = sourcecode.swift; path = UserDefaults.swift; sourceTree = "<group>"; };
		27EA948E2436636E00E1B528 /* User.swift */ = {isa = PBXFileReference; lastKnownFileType = sourcecode.swift; path = User.swift; sourceTree = "<group>"; };
		3CDB35A3DB7E8F94031B076B /* Pods-SpartanDrive-SpartanDriveUITests.release.xcconfig */ = {isa = PBXFileReference; includeInIndex = 1; lastKnownFileType = text.xcconfig; name = "Pods-SpartanDrive-SpartanDriveUITests.release.xcconfig"; path = "Target Support Files/Pods-SpartanDrive-SpartanDriveUITests/Pods-SpartanDrive-SpartanDriveUITests.release.xcconfig"; sourceTree = "<group>"; };
		48963702F7160F3A9C8E2F83 /* Pods_SpartanDriveTests.framework */ = {isa = PBXFileReference; explicitFileType = wrapper.framework; includeInIndex = 0; path = Pods_SpartanDriveTests.framework; sourceTree = BUILT_PRODUCTS_DIR; };
		4D8D137C75029456863AE9EB /* Pods-SpartanDrive-SpartanDriveUITests.debug.xcconfig */ = {isa = PBXFileReference; includeInIndex = 1; lastKnownFileType = text.xcconfig; name = "Pods-SpartanDrive-SpartanDriveUITests.debug.xcconfig"; path = "Target Support Files/Pods-SpartanDrive-SpartanDriveUITests/Pods-SpartanDrive-SpartanDriveUITests.debug.xcconfig"; sourceTree = "<group>"; };
		77C80C68C1E04AC3E89EF0B1 /* Pods-SpartanDriveTests.release.xcconfig */ = {isa = PBXFileReference; includeInIndex = 1; lastKnownFileType = text.xcconfig; name = "Pods-SpartanDriveTests.release.xcconfig"; path = "Target Support Files/Pods-SpartanDriveTests/Pods-SpartanDriveTests.release.xcconfig"; sourceTree = "<group>"; };
		A4F4B37455A45DDA456DDB9F /* Pods_SpartanDrive_SpartanDriveUITests.framework */ = {isa = PBXFileReference; explicitFileType = wrapper.framework; includeInIndex = 0; path = Pods_SpartanDrive_SpartanDriveUITests.framework; sourceTree = BUILT_PRODUCTS_DIR; };
		BC8A01CF4E22B153C2A561BD /* Pods-SpartanDriveTests.debug.xcconfig */ = {isa = PBXFileReference; includeInIndex = 1; lastKnownFileType = text.xcconfig; name = "Pods-SpartanDriveTests.debug.xcconfig"; path = "Target Support Files/Pods-SpartanDriveTests/Pods-SpartanDriveTests.debug.xcconfig"; sourceTree = "<group>"; };
		DF84E2F1527B097F872B5759 /* Pods_SpartanDrive.framework */ = {isa = PBXFileReference; explicitFileType = wrapper.framework; includeInIndex = 0; path = Pods_SpartanDrive.framework; sourceTree = BUILT_PRODUCTS_DIR; };
		F7D4A2223298D978EB25948F /* Pods-SpartanDrive.debug.xcconfig */ = {isa = PBXFileReference; includeInIndex = 1; lastKnownFileType = text.xcconfig; name = "Pods-SpartanDrive.debug.xcconfig"; path = "Target Support Files/Pods-SpartanDrive/Pods-SpartanDrive.debug.xcconfig"; sourceTree = "<group>"; };
/* End PBXFileReference section */

/* Begin PBXFrameworksBuildPhase section */
		091A26A42405E36100D0F848 /* Frameworks */ = {
			isa = PBXFrameworksBuildPhase;
			buildActionMask = 2147483647;
			files = (
				091A26DD2405E6FB00D0F848 /* CloudKit.framework in Frameworks */,
				4A9014C8679A0DDB85790C5A /* Pods_SpartanDrive.framework in Frameworks */,
			);
			runOnlyForDeploymentPostprocessing = 0;
		};
		091A26BA2405E36300D0F848 /* Frameworks */ = {
			isa = PBXFrameworksBuildPhase;
			buildActionMask = 2147483647;
			files = (
				CC20A24F31D7D956DDE09F82 /* Pods_SpartanDriveTests.framework in Frameworks */,
			);
			runOnlyForDeploymentPostprocessing = 0;
		};
		091A26C52405E36300D0F848 /* Frameworks */ = {
			isa = PBXFrameworksBuildPhase;
			buildActionMask = 2147483647;
			files = (
				599C7FB0C0115C46758D04F2 /* Pods_SpartanDrive_SpartanDriveUITests.framework in Frameworks */,
			);
			runOnlyForDeploymentPostprocessing = 0;
		};
/* End PBXFrameworksBuildPhase section */

/* Begin PBXGroup section */
		091A269E2405E36100D0F848 = {
			isa = PBXGroup;
			children = (
				091A26A92405E36100D0F848 /* SpartanDrive */,
				091A26C02405E36300D0F848 /* SpartanDriveTests */,
				091A26CB2405E36300D0F848 /* SpartanDriveUITests */,
				091A26A82405E36100D0F848 /* Products */,
				091A26DB2405E6FB00D0F848 /* Frameworks */,
				3E3D2842F66564C57516289F /* Pods */,
			);
			sourceTree = "<group>";
		};
		091A26A82405E36100D0F848 /* Products */ = {
			isa = PBXGroup;
			children = (
				091A26A72405E36100D0F848 /* SpartanDrive.app */,
				091A26BD2405E36300D0F848 /* SpartanDriveTests.xctest */,
				091A26C82405E36300D0F848 /* SpartanDriveUITests.xctest */,
			);
			name = Products;
			sourceTree = "<group>";
		};
		091A26A92405E36100D0F848 /* SpartanDrive */ = {
			isa = PBXGroup;
			children = (
				278627CB24552DD6004A04B5 /* Controllers */,
				27EA948D2436636100E1B528 /* User Authentication */,
				091A26DA2405E6F900D0F848 /* SpartanDrive.entitlements */,
				091A26AA2405E36100D0F848 /* AppDelegate.swift */,
				091A26AC2405E36100D0F848 /* SceneDelegate.swift */,
				091A26AE2405E36100D0F848 /* ViewController.swift */,
				091A26B02405E36100D0F848 /* Main.storyboard */,
				091A26B32405E36300D0F848 /* Assets.xcassets */,
				091A26B52405E36300D0F848 /* LaunchScreen.storyboard */,
				277E29AA244D463500F8B206 /* GoogleService-Info.plist */,
				091A26B82405E36300D0F848 /* Info.plist */,
				27CD46912456204D0099DAFF /* UserDefaults.swift */,
			);
			path = SpartanDrive;
			sourceTree = "<group>";
		};
		091A26C02405E36300D0F848 /* SpartanDriveTests */ = {
			isa = PBXGroup;
			children = (
				091A26C12405E36300D0F848 /* SpartanDriveTests.swift */,
				091A26C32405E36300D0F848 /* Info.plist */,
			);
			path = SpartanDriveTests;
			sourceTree = "<group>";
		};
		091A26CB2405E36300D0F848 /* SpartanDriveUITests */ = {
			isa = PBXGroup;
			children = (
				091A26CC2405E36300D0F848 /* SpartanDriveUITests.swift */,
				091A26CE2405E36300D0F848 /* Info.plist */,
			);
			path = SpartanDriveUITests;
			sourceTree = "<group>";
		};
		091A26DB2405E6FB00D0F848 /* Frameworks */ = {
			isa = PBXGroup;
			children = (
				091A26DC2405E6FB00D0F848 /* CloudKit.framework */,
				DF84E2F1527B097F872B5759 /* Pods_SpartanDrive.framework */,
				A4F4B37455A45DDA456DDB9F /* Pods_SpartanDrive_SpartanDriveUITests.framework */,
				48963702F7160F3A9C8E2F83 /* Pods_SpartanDriveTests.framework */,
			);
			name = Frameworks;
			sourceTree = "<group>";
		};
		278627CB24552DD6004A04B5 /* Controllers */ = {
			isa = PBXGroup;
			children = (
				2718203E2456DAE100A3CB8D /* AppHomeNav.swift */,
				2718203A2456D00200A3CB8D /* Profile.swift */,
				276AFDF724554C6D0059AD30 /* SignUp.swift */,
				276AFDF92455792A0059AD30 /* Login.swift */,
				2718203C2456DA2400A3CB8D /* AppHomeTabBar.swift */,
				271820402456E89000A3CB8D /* BaseAppHome.swift */,
			);
			path = Controllers;
			sourceTree = "<group>";
		};
		27EA948D2436636100E1B528 /* User Authentication */ = {
			isa = PBXGroup;
			children = (
				27EA948E2436636E00E1B528 /* User.swift */,
			);
			path = "User Authentication";
			sourceTree = "<group>";
		};
		3E3D2842F66564C57516289F /* Pods */ = {
			isa = PBXGroup;
			children = (
				F7D4A2223298D978EB25948F /* Pods-SpartanDrive.debug.xcconfig */,
				1BFB8CED86CD9D0882324F38 /* Pods-SpartanDrive.release.xcconfig */,
				4D8D137C75029456863AE9EB /* Pods-SpartanDrive-SpartanDriveUITests.debug.xcconfig */,
				3CDB35A3DB7E8F94031B076B /* Pods-SpartanDrive-SpartanDriveUITests.release.xcconfig */,
				BC8A01CF4E22B153C2A561BD /* Pods-SpartanDriveTests.debug.xcconfig */,
				77C80C68C1E04AC3E89EF0B1 /* Pods-SpartanDriveTests.release.xcconfig */,
			);
			path = Pods;
			sourceTree = "<group>";
		};
/* End PBXGroup section */

/* Begin PBXNativeTarget section */
		091A26A62405E36100D0F848 /* SpartanDrive */ = {
			isa = PBXNativeTarget;
			buildConfigurationList = 091A26D12405E36300D0F848 /* Build configuration list for PBXNativeTarget "SpartanDrive" */;
			buildPhases = (
				F6E2F9DE87A9029367577B4B /* [CP] Check Pods Manifest.lock */,
				091A26A32405E36100D0F848 /* Sources */,
				091A26A42405E36100D0F848 /* Frameworks */,
				091A26A52405E36100D0F848 /* Resources */,
				B55F3F5DB0DFB2B24675417C /* [CP] Embed Pods Frameworks */,
			);
			buildRules = (
			);
			dependencies = (
			);
			name = SpartanDrive;
			productName = SpartanDrive;
			productReference = 091A26A72405E36100D0F848 /* SpartanDrive.app */;
			productType = "com.apple.product-type.application";
		};
		091A26BC2405E36300D0F848 /* SpartanDriveTests */ = {
			isa = PBXNativeTarget;
			buildConfigurationList = 091A26D42405E36300D0F848 /* Build configuration list for PBXNativeTarget "SpartanDriveTests" */;
			buildPhases = (
				4C52D499409A88CFAD85AF8D /* [CP] Check Pods Manifest.lock */,
				091A26B92405E36300D0F848 /* Sources */,
				091A26BA2405E36300D0F848 /* Frameworks */,
				091A26BB2405E36300D0F848 /* Resources */,
			);
			buildRules = (
			);
			dependencies = (
				091A26BF2405E36300D0F848 /* PBXTargetDependency */,
			);
			name = SpartanDriveTests;
			productName = SpartanDriveTests;
			productReference = 091A26BD2405E36300D0F848 /* SpartanDriveTests.xctest */;
			productType = "com.apple.product-type.bundle.unit-test";
		};
		091A26C72405E36300D0F848 /* SpartanDriveUITests */ = {
			isa = PBXNativeTarget;
			buildConfigurationList = 091A26D72405E36300D0F848 /* Build configuration list for PBXNativeTarget "SpartanDriveUITests" */;
			buildPhases = (
				B655CBB365552BF88EB08363 /* [CP] Check Pods Manifest.lock */,
				091A26C42405E36300D0F848 /* Sources */,
				091A26C52405E36300D0F848 /* Frameworks */,
				091A26C62405E36300D0F848 /* Resources */,
				1FAA28F0F4D7F3197218C0AB /* [CP] Embed Pods Frameworks */,
			);
			buildRules = (
			);
			dependencies = (
				091A26CA2405E36300D0F848 /* PBXTargetDependency */,
			);
			name = SpartanDriveUITests;
			productName = SpartanDriveUITests;
			productReference = 091A26C82405E36300D0F848 /* SpartanDriveUITests.xctest */;
			productType = "com.apple.product-type.bundle.ui-testing";
		};
/* End PBXNativeTarget section */

/* Begin PBXProject section */
		091A269F2405E36100D0F848 /* Project object */ = {
			isa = PBXProject;
			attributes = {
				LastSwiftUpdateCheck = 1130;
				LastUpgradeCheck = 1130;
				ORGANIZATIONNAME = Spencer;
				TargetAttributes = {
					091A26A62405E36100D0F848 = {
						CreatedOnToolsVersion = 11.3.1;
					};
					091A26BC2405E36300D0F848 = {
						CreatedOnToolsVersion = 11.3.1;
						TestTargetID = 091A26A62405E36100D0F848;
					};
					091A26C72405E36300D0F848 = {
						CreatedOnToolsVersion = 11.3.1;
						TestTargetID = 091A26A62405E36100D0F848;
					};
				};
			};
			buildConfigurationList = 091A26A22405E36100D0F848 /* Build configuration list for PBXProject "SpartanDrive" */;
			compatibilityVersion = "Xcode 9.3";
			developmentRegion = en;
			hasScannedForEncodings = 0;
			knownRegions = (
				en,
				Base,
			);
			mainGroup = 091A269E2405E36100D0F848;
			productRefGroup = 091A26A82405E36100D0F848 /* Products */;
			projectDirPath = "";
			projectRoot = "";
			targets = (
				091A26A62405E36100D0F848 /* SpartanDrive */,
				091A26BC2405E36300D0F848 /* SpartanDriveTests */,
				091A26C72405E36300D0F848 /* SpartanDriveUITests */,
			);
		};
/* End PBXProject section */

/* Begin PBXResourcesBuildPhase section */
		091A26A52405E36100D0F848 /* Resources */ = {
			isa = PBXResourcesBuildPhase;
			buildActionMask = 2147483647;
			files = (
				277E29AB244D463500F8B206 /* GoogleService-Info.plist in Resources */,
				091A26B72405E36300D0F848 /* LaunchScreen.storyboard in Resources */,
				091A26B42405E36300D0F848 /* Assets.xcassets in Resources */,
				091A26B22405E36100D0F848 /* Main.storyboard in Resources */,
			);
			runOnlyForDeploymentPostprocessing = 0;
		};
		091A26BB2405E36300D0F848 /* Resources */ = {
			isa = PBXResourcesBuildPhase;
			buildActionMask = 2147483647;
			files = (
			);
			runOnlyForDeploymentPostprocessing = 0;
		};
		091A26C62405E36300D0F848 /* Resources */ = {
			isa = PBXResourcesBuildPhase;
			buildActionMask = 2147483647;
			files = (
			);
			runOnlyForDeploymentPostprocessing = 0;
		};
/* End PBXResourcesBuildPhase section */

/* Begin PBXShellScriptBuildPhase section */
		1FAA28F0F4D7F3197218C0AB /* [CP] Embed Pods Frameworks */ = {
			isa = PBXShellScriptBuildPhase;
			buildActionMask = 2147483647;
			files = (
			);
			inputFileListPaths = (
				"${PODS_ROOT}/Target Support Files/Pods-SpartanDrive-SpartanDriveUITests/Pods-SpartanDrive-SpartanDriveUITests-frameworks-${CONFIGURATION}-input-files.xcfilelist",
			);
			name = "[CP] Embed Pods Frameworks";
			outputFileListPaths = (
				"${PODS_ROOT}/Target Support Files/Pods-SpartanDrive-SpartanDriveUITests/Pods-SpartanDrive-SpartanDriveUITests-frameworks-${CONFIGURATION}-output-files.xcfilelist",
			);
			runOnlyForDeploymentPostprocessing = 0;
			shellPath = /bin/sh;
			shellScript = "\"${PODS_ROOT}/Target Support Files/Pods-SpartanDrive-SpartanDriveUITests/Pods-SpartanDrive-SpartanDriveUITests-frameworks.sh\"\n";
			showEnvVarsInLog = 0;
		};
		4C52D499409A88CFAD85AF8D /* [CP] Check Pods Manifest.lock */ = {
			isa = PBXShellScriptBuildPhase;
			buildActionMask = 2147483647;
			files = (
			);
			inputFileListPaths = (
			);
			inputPaths = (
				"${PODS_PODFILE_DIR_PATH}/Podfile.lock",
				"${PODS_ROOT}/Manifest.lock",
			);
			name = "[CP] Check Pods Manifest.lock";
			outputFileListPaths = (
			);
			outputPaths = (
				"$(DERIVED_FILE_DIR)/Pods-SpartanDriveTests-checkManifestLockResult.txt",
			);
			runOnlyForDeploymentPostprocessing = 0;
			shellPath = /bin/sh;
			shellScript = "diff \"${PODS_PODFILE_DIR_PATH}/Podfile.lock\" \"${PODS_ROOT}/Manifest.lock\" > /dev/null\nif [ $? != 0 ] ; then\n    # print error to STDERR\n    echo \"error: The sandbox is not in sync with the Podfile.lock. Run 'pod install' or update your CocoaPods installation.\" >&2\n    exit 1\nfi\n# This output is used by Xcode 'outputs' to avoid re-running this script phase.\necho \"SUCCESS\" > \"${SCRIPT_OUTPUT_FILE_0}\"\n";
			showEnvVarsInLog = 0;
		};
		B55F3F5DB0DFB2B24675417C /* [CP] Embed Pods Frameworks */ = {
			isa = PBXShellScriptBuildPhase;
			buildActionMask = 2147483647;
			files = (
			);
			inputFileListPaths = (
				"${PODS_ROOT}/Target Support Files/Pods-SpartanDrive/Pods-SpartanDrive-frameworks-${CONFIGURATION}-input-files.xcfilelist",
			);
			name = "[CP] Embed Pods Frameworks";
			outputFileListPaths = (
				"${PODS_ROOT}/Target Support Files/Pods-SpartanDrive/Pods-SpartanDrive-frameworks-${CONFIGURATION}-output-files.xcfilelist",
			);
			runOnlyForDeploymentPostprocessing = 0;
			shellPath = /bin/sh;
			shellScript = "\"${PODS_ROOT}/Target Support Files/Pods-SpartanDrive/Pods-SpartanDrive-frameworks.sh\"\n";
			showEnvVarsInLog = 0;
		};
		B655CBB365552BF88EB08363 /* [CP] Check Pods Manifest.lock */ = {
			isa = PBXShellScriptBuildPhase;
			buildActionMask = 2147483647;
			files = (
			);
			inputFileListPaths = (
			);
			inputPaths = (
				"${PODS_PODFILE_DIR_PATH}/Podfile.lock",
				"${PODS_ROOT}/Manifest.lock",
			);
			name = "[CP] Check Pods Manifest.lock";
			outputFileListPaths = (
			);
			outputPaths = (
				"$(DERIVED_FILE_DIR)/Pods-SpartanDrive-SpartanDriveUITests-checkManifestLockResult.txt",
			);
			runOnlyForDeploymentPostprocessing = 0;
			shellPath = /bin/sh;
			shellScript = "diff \"${PODS_PODFILE_DIR_PATH}/Podfile.lock\" \"${PODS_ROOT}/Manifest.lock\" > /dev/null\nif [ $? != 0 ] ; then\n    # print error to STDERR\n    echo \"error: The sandbox is not in sync with the Podfile.lock. Run 'pod install' or update your CocoaPods installation.\" >&2\n    exit 1\nfi\n# This output is used by Xcode 'outputs' to avoid re-running this script phase.\necho \"SUCCESS\" > \"${SCRIPT_OUTPUT_FILE_0}\"\n";
			showEnvVarsInLog = 0;
		};
		F6E2F9DE87A9029367577B4B /* [CP] Check Pods Manifest.lock */ = {
			isa = PBXShellScriptBuildPhase;
			buildActionMask = 2147483647;
			files = (
			);
			inputFileListPaths = (
			);
			inputPaths = (
				"${PODS_PODFILE_DIR_PATH}/Podfile.lock",
				"${PODS_ROOT}/Manifest.lock",
			);
			name = "[CP] Check Pods Manifest.lock";
			outputFileListPaths = (
			);
			outputPaths = (
				"$(DERIVED_FILE_DIR)/Pods-SpartanDrive-checkManifestLockResult.txt",
			);
			runOnlyForDeploymentPostprocessing = 0;
			shellPath = /bin/sh;
			shellScript = "diff \"${PODS_PODFILE_DIR_PATH}/Podfile.lock\" \"${PODS_ROOT}/Manifest.lock\" > /dev/null\nif [ $? != 0 ] ; then\n    # print error to STDERR\n    echo \"error: The sandbox is not in sync with the Podfile.lock. Run 'pod install' or update your CocoaPods installation.\" >&2\n    exit 1\nfi\n# This output is used by Xcode 'outputs' to avoid re-running this script phase.\necho \"SUCCESS\" > \"${SCRIPT_OUTPUT_FILE_0}\"\n";
			showEnvVarsInLog = 0;
		};
/* End PBXShellScriptBuildPhase section */

/* Begin PBXSourcesBuildPhase section */
		091A26A32405E36100D0F848 /* Sources */ = {
			isa = PBXSourcesBuildPhase;
			buildActionMask = 2147483647;
			files = (
				276AFDF824554C6D0059AD30 /* SignUp.swift in Sources */,
				276AFDFA2455792A0059AD30 /* Login.swift in Sources */,
				2718203F2456DAE100A3CB8D /* AppHomeNav.swift in Sources */,
				091A26AF2405E36100D0F848 /* ViewController.swift in Sources */,
				091A26AB2405E36100D0F848 /* AppDelegate.swift in Sources */,
				2718203D2456DA2400A3CB8D /* AppHomeTabBar.swift in Sources */,
				27EA948F2436636E00E1B528 /* User.swift in Sources */,
				27CD46922456204D0099DAFF /* UserDefaults.swift in Sources */,
				2718203B2456D00200A3CB8D /* Profile.swift in Sources */,
				271820412456E89000A3CB8D /* BaseAppHome.swift in Sources */,
				091A26AD2405E36100D0F848 /* SceneDelegate.swift in Sources */,
			);
			runOnlyForDeploymentPostprocessing = 0;
		};
		091A26B92405E36300D0F848 /* Sources */ = {
			isa = PBXSourcesBuildPhase;
			buildActionMask = 2147483647;
			files = (
				091A26C22405E36300D0F848 /* SpartanDriveTests.swift in Sources */,
			);
			runOnlyForDeploymentPostprocessing = 0;
		};
		091A26C42405E36300D0F848 /* Sources */ = {
			isa = PBXSourcesBuildPhase;
			buildActionMask = 2147483647;
			files = (
				091A26CD2405E36300D0F848 /* SpartanDriveUITests.swift in Sources */,
			);
			runOnlyForDeploymentPostprocessing = 0;
		};
/* End PBXSourcesBuildPhase section */

/* Begin PBXTargetDependency section */
		091A26BF2405E36300D0F848 /* PBXTargetDependency */ = {
			isa = PBXTargetDependency;
			target = 091A26A62405E36100D0F848 /* SpartanDrive */;
			targetProxy = 091A26BE2405E36300D0F848 /* PBXContainerItemProxy */;
		};
		091A26CA2405E36300D0F848 /* PBXTargetDependency */ = {
			isa = PBXTargetDependency;
			target = 091A26A62405E36100D0F848 /* SpartanDrive */;
			targetProxy = 091A26C92405E36300D0F848 /* PBXContainerItemProxy */;
		};
/* End PBXTargetDependency section */

/* Begin PBXVariantGroup section */
		091A26B02405E36100D0F848 /* Main.storyboard */ = {
			isa = PBXVariantGroup;
			children = (
				091A26B12405E36100D0F848 /* Base */,
			);
			name = Main.storyboard;
			sourceTree = "<group>";
		};
		091A26B52405E36300D0F848 /* LaunchScreen.storyboard */ = {
			isa = PBXVariantGroup;
			children = (
				091A26B62405E36300D0F848 /* Base */,
			);
			name = LaunchScreen.storyboard;
			sourceTree = "<group>";
		};
/* End PBXVariantGroup section */

/* Begin XCBuildConfiguration section */
		091A26CF2405E36300D0F848 /* Debug */ = {
			isa = XCBuildConfiguration;
			buildSettings = {
				ALWAYS_SEARCH_USER_PATHS = NO;
				CLANG_ANALYZER_NONNULL = YES;
				CLANG_ANALYZER_NUMBER_OBJECT_CONVERSION = YES_AGGRESSIVE;
				CLANG_CXX_LANGUAGE_STANDARD = "gnu++14";
				CLANG_CXX_LIBRARY = "libc++";
				CLANG_ENABLE_MODULES = YES;
				CLANG_ENABLE_OBJC_ARC = YES;
				CLANG_ENABLE_OBJC_WEAK = YES;
				CLANG_WARN_BLOCK_CAPTURE_AUTORELEASING = YES;
				CLANG_WARN_BOOL_CONVERSION = YES;
				CLANG_WARN_COMMA = YES;
				CLANG_WARN_CONSTANT_CONVERSION = YES;
				CLANG_WARN_DEPRECATED_OBJC_IMPLEMENTATIONS = YES;
				CLANG_WARN_DIRECT_OBJC_ISA_USAGE = YES_ERROR;
				CLANG_WARN_DOCUMENTATION_COMMENTS = YES;
				CLANG_WARN_EMPTY_BODY = YES;
				CLANG_WARN_ENUM_CONVERSION = YES;
				CLANG_WARN_INFINITE_RECURSION = YES;
				CLANG_WARN_INT_CONVERSION = YES;
				CLANG_WARN_NON_LITERAL_NULL_CONVERSION = YES;
				CLANG_WARN_OBJC_IMPLICIT_RETAIN_SELF = YES;
				CLANG_WARN_OBJC_LITERAL_CONVERSION = YES;
				CLANG_WARN_OBJC_ROOT_CLASS = YES_ERROR;
				CLANG_WARN_RANGE_LOOP_ANALYSIS = YES;
				CLANG_WARN_STRICT_PROTOTYPES = YES;
				CLANG_WARN_SUSPICIOUS_MOVE = YES;
				CLANG_WARN_UNGUARDED_AVAILABILITY = YES_AGGRESSIVE;
				CLANG_WARN_UNREACHABLE_CODE = YES;
				CLANG_WARN__DUPLICATE_METHOD_MATCH = YES;
				COPY_PHASE_STRIP = NO;
				DEBUG_INFORMATION_FORMAT = dwarf;
				ENABLE_STRICT_OBJC_MSGSEND = YES;
				ENABLE_TESTABILITY = YES;
				GCC_C_LANGUAGE_STANDARD = gnu11;
				GCC_DYNAMIC_NO_PIC = NO;
				GCC_NO_COMMON_BLOCKS = YES;
				GCC_OPTIMIZATION_LEVEL = 0;
				GCC_PREPROCESSOR_DEFINITIONS = (
					"DEBUG=1",
					"$(inherited)",
				);
				GCC_WARN_64_TO_32_BIT_CONVERSION = YES;
				GCC_WARN_ABOUT_RETURN_TYPE = YES_ERROR;
				GCC_WARN_UNDECLARED_SELECTOR = YES;
				GCC_WARN_UNINITIALIZED_AUTOS = YES_AGGRESSIVE;
				GCC_WARN_UNUSED_FUNCTION = YES;
				GCC_WARN_UNUSED_VARIABLE = YES;
				IPHONEOS_DEPLOYMENT_TARGET = 13.2;
				MTL_ENABLE_DEBUG_INFO = INCLUDE_SOURCE;
				MTL_FAST_MATH = YES;
				ONLY_ACTIVE_ARCH = YES;
				SDKROOT = iphoneos;
				SWIFT_ACTIVE_COMPILATION_CONDITIONS = DEBUG;
				SWIFT_OPTIMIZATION_LEVEL = "-Onone";
			};
			name = Debug;
		};
		091A26D02405E36300D0F848 /* Release */ = {
			isa = XCBuildConfiguration;
			buildSettings = {
				ALWAYS_SEARCH_USER_PATHS = NO;
				CLANG_ANALYZER_NONNULL = YES;
				CLANG_ANALYZER_NUMBER_OBJECT_CONVERSION = YES_AGGRESSIVE;
				CLANG_CXX_LANGUAGE_STANDARD = "gnu++14";
				CLANG_CXX_LIBRARY = "libc++";
				CLANG_ENABLE_MODULES = YES;
				CLANG_ENABLE_OBJC_ARC = YES;
				CLANG_ENABLE_OBJC_WEAK = YES;
				CLANG_WARN_BLOCK_CAPTURE_AUTORELEASING = YES;
				CLANG_WARN_BOOL_CONVERSION = YES;
				CLANG_WARN_COMMA = YES;
				CLANG_WARN_CONSTANT_CONVERSION = YES;
				CLANG_WARN_DEPRECATED_OBJC_IMPLEMENTATIONS = YES;
				CLANG_WARN_DIRECT_OBJC_ISA_USAGE = YES_ERROR;
				CLANG_WARN_DOCUMENTATION_COMMENTS = YES;
				CLANG_WARN_EMPTY_BODY = YES;
				CLANG_WARN_ENUM_CONVERSION = YES;
				CLANG_WARN_INFINITE_RECURSION = YES;
				CLANG_WARN_INT_CONVERSION = YES;
				CLANG_WARN_NON_LITERAL_NULL_CONVERSION = YES;
				CLANG_WARN_OBJC_IMPLICIT_RETAIN_SELF = YES;
				CLANG_WARN_OBJC_LITERAL_CONVERSION = YES;
				CLANG_WARN_OBJC_ROOT_CLASS = YES_ERROR;
				CLANG_WARN_RANGE_LOOP_ANALYSIS = YES;
				CLANG_WARN_STRICT_PROTOTYPES = YES;
				CLANG_WARN_SUSPICIOUS_MOVE = YES;
				CLANG_WARN_UNGUARDED_AVAILABILITY = YES_AGGRESSIVE;
				CLANG_WARN_UNREACHABLE_CODE = YES;
				CLANG_WARN__DUPLICATE_METHOD_MATCH = YES;
				COPY_PHASE_STRIP = NO;
				DEBUG_INFORMATION_FORMAT = "dwarf-with-dsym";
				ENABLE_NS_ASSERTIONS = NO;
				ENABLE_STRICT_OBJC_MSGSEND = YES;
				GCC_C_LANGUAGE_STANDARD = gnu11;
				GCC_NO_COMMON_BLOCKS = YES;
				GCC_WARN_64_TO_32_BIT_CONVERSION = YES;
				GCC_WARN_ABOUT_RETURN_TYPE = YES_ERROR;
				GCC_WARN_UNDECLARED_SELECTOR = YES;
				GCC_WARN_UNINITIALIZED_AUTOS = YES_AGGRESSIVE;
				GCC_WARN_UNUSED_FUNCTION = YES;
				GCC_WARN_UNUSED_VARIABLE = YES;
				IPHONEOS_DEPLOYMENT_TARGET = 13.2;
				MTL_ENABLE_DEBUG_INFO = NO;
				MTL_FAST_MATH = YES;
				SDKROOT = iphoneos;
				SWIFT_COMPILATION_MODE = wholemodule;
				SWIFT_OPTIMIZATION_LEVEL = "-O";
				VALIDATE_PRODUCT = YES;
			};
			name = Release;
		};
		091A26D22405E36300D0F848 /* Debug */ = {
			isa = XCBuildConfiguration;
			baseConfigurationReference = F7D4A2223298D978EB25948F /* Pods-SpartanDrive.debug.xcconfig */;
			buildSettings = {
				ASSETCATALOG_COMPILER_APPICON_NAME = AppIcon;
				CODE_SIGN_ENTITLEMENTS = SpartanDrive/SpartanDrive.entitlements;
				CODE_SIGN_IDENTITY = "Apple Development";
				CODE_SIGN_STYLE = Automatic;
				DEVELOPMENT_TEAM = 6WA6Y7KBQJ;
				INFOPLIST_FILE = SpartanDrive/Info.plist;
				LD_RUNPATH_SEARCH_PATHS = (
					"$(inherited)",
					"@executable_path/Frameworks",
				);
				PRODUCT_BUNDLE_IDENTIFIER = edu.SJSU.CMPE137.SpartanDrive.Group5;
				PRODUCT_NAME = "$(TARGET_NAME)";
				PROVISIONING_PROFILE_SPECIFIER = "";
				SWIFT_VERSION = 5.0;
				TARGETED_DEVICE_FAMILY = "1,2";
			};
			name = Debug;
		};
		091A26D32405E36300D0F848 /* Release */ = {
			isa = XCBuildConfiguration;
			baseConfigurationReference = 1BFB8CED86CD9D0882324F38 /* Pods-SpartanDrive.release.xcconfig */;
			buildSettings = {
				ASSETCATALOG_COMPILER_APPICON_NAME = AppIcon;
				CODE_SIGN_ENTITLEMENTS = SpartanDrive/SpartanDrive.entitlements;
				CODE_SIGN_IDENTITY = "Apple Development";
				CODE_SIGN_STYLE = Automatic;
				DEVELOPMENT_TEAM = 6WA6Y7KBQJ;
				INFOPLIST_FILE = SpartanDrive/Info.plist;
				LD_RUNPATH_SEARCH_PATHS = (
					"$(inherited)",
					"@executable_path/Frameworks",
				);
				PRODUCT_BUNDLE_IDENTIFIER = edu.SJSU.CMPE137.SpartanDrive.Group5;
				PRODUCT_NAME = "$(TARGET_NAME)";
				PROVISIONING_PROFILE_SPECIFIER = "";
				SWIFT_VERSION = 5.0;
				TARGETED_DEVICE_FAMILY = "1,2";
			};
			name = Release;
		};
		091A26D52405E36300D0F848 /* Debug */ = {
			isa = XCBuildConfiguration;
			baseConfigurationReference = BC8A01CF4E22B153C2A561BD /* Pods-SpartanDriveTests.debug.xcconfig */;
			buildSettings = {
				ALWAYS_EMBED_SWIFT_STANDARD_LIBRARIES = YES;
				BUNDLE_LOADER = "$(TEST_HOST)";
				CODE_SIGN_STYLE = Automatic;
				DEVELOPMENT_TEAM = 6WA6Y7KBQJ;
				INFOPLIST_FILE = SpartanDriveTests/Info.plist;
				IPHONEOS_DEPLOYMENT_TARGET = 13.2;
				LD_RUNPATH_SEARCH_PATHS = (
					"$(inherited)",
					"@executable_path/Frameworks",
					"@loader_path/Frameworks",
				);
				PRODUCT_BUNDLE_IDENTIFIER = edu.SJSU.CMPE137.SpartanDrive.SpartanDriveTests;
				PRODUCT_NAME = "$(TARGET_NAME)";
				SWIFT_VERSION = 5.0;
				TARGETED_DEVICE_FAMILY = "1,2";
				TEST_HOST = "$(BUILT_PRODUCTS_DIR)/SpartanDrive.app/SpartanDrive";
			};
			name = Debug;
		};
		091A26D62405E36300D0F848 /* Release */ = {
			isa = XCBuildConfiguration;
			baseConfigurationReference = 77C80C68C1E04AC3E89EF0B1 /* Pods-SpartanDriveTests.release.xcconfig */;
			buildSettings = {
				ALWAYS_EMBED_SWIFT_STANDARD_LIBRARIES = YES;
				BUNDLE_LOADER = "$(TEST_HOST)";
				CODE_SIGN_STYLE = Automatic;
				DEVELOPMENT_TEAM = 6WA6Y7KBQJ;
				INFOPLIST_FILE = SpartanDriveTests/Info.plist;
				IPHONEOS_DEPLOYMENT_TARGET = 13.2;
				LD_RUNPATH_SEARCH_PATHS = (
					"$(inherited)",
					"@executable_path/Frameworks",
					"@loader_path/Frameworks",
				);
				PRODUCT_BUNDLE_IDENTIFIER = edu.SJSU.CMPE137.SpartanDrive.SpartanDriveTests;
				PRODUCT_NAME = "$(TARGET_NAME)";
				SWIFT_VERSION = 5.0;
				TARGETED_DEVICE_FAMILY = "1,2";
				TEST_HOST = "$(BUILT_PRODUCTS_DIR)/SpartanDrive.app/SpartanDrive";
			};
			name = Release;
		};
		091A26D82405E36300D0F848 /* Debug */ = {
			isa = XCBuildConfiguration;
			baseConfigurationReference = 4D8D137C75029456863AE9EB /* Pods-SpartanDrive-SpartanDriveUITests.debug.xcconfig */;
			buildSettings = {
				ALWAYS_EMBED_SWIFT_STANDARD_LIBRARIES = YES;
				CODE_SIGN_STYLE = Automatic;
				DEVELOPMENT_TEAM = 6WA6Y7KBQJ;
				INFOPLIST_FILE = SpartanDriveUITests/Info.plist;
				LD_RUNPATH_SEARCH_PATHS = (
					"$(inherited)",
					"@executable_path/Frameworks",
					"@loader_path/Frameworks",
				);
				PRODUCT_BUNDLE_IDENTIFIER = edu.SJSU.CMPE137.SpartanDrive.SpartanDriveUITests;
				PRODUCT_NAME = "$(TARGET_NAME)";
				SWIFT_VERSION = 5.0;
				TARGETED_DEVICE_FAMILY = "1,2";
				TEST_TARGET_NAME = SpartanDrive;
			};
			name = Debug;
		};
		091A26D92405E36300D0F848 /* Release */ = {
			isa = XCBuildConfiguration;
			baseConfigurationReference = 3CDB35A3DB7E8F94031B076B /* Pods-SpartanDrive-SpartanDriveUITests.release.xcconfig */;
			buildSettings = {
				ALWAYS_EMBED_SWIFT_STANDARD_LIBRARIES = YES;
				CODE_SIGN_STYLE = Automatic;
				DEVELOPMENT_TEAM = 6WA6Y7KBQJ;
				INFOPLIST_FILE = SpartanDriveUITests/Info.plist;
				LD_RUNPATH_SEARCH_PATHS = (
					"$(inherited)",
					"@executable_path/Frameworks",
					"@loader_path/Frameworks",
				);
				PRODUCT_BUNDLE_IDENTIFIER = edu.SJSU.CMPE137.SpartanDrive.SpartanDriveUITests;
				PRODUCT_NAME = "$(TARGET_NAME)";
				SWIFT_VERSION = 5.0;
				TARGETED_DEVICE_FAMILY = "1,2";
				TEST_TARGET_NAME = SpartanDrive;
			};
			name = Release;
		};
/* End XCBuildConfiguration section */

/* Begin XCConfigurationList section */
		091A26A22405E36100D0F848 /* Build configuration list for PBXProject "SpartanDrive" */ = {
			isa = XCConfigurationList;
			buildConfigurations = (
				091A26CF2405E36300D0F848 /* Debug */,
				091A26D02405E36300D0F848 /* Release */,
			);
			defaultConfigurationIsVisible = 0;
			defaultConfigurationName = Release;
		};
		091A26D12405E36300D0F848 /* Build configuration list for PBXNativeTarget "SpartanDrive" */ = {
			isa = XCConfigurationList;
			buildConfigurations = (
				091A26D22405E36300D0F848 /* Debug */,
				091A26D32405E36300D0F848 /* Release */,
			);
			defaultConfigurationIsVisible = 0;
			defaultConfigurationName = Release;
		};
		091A26D42405E36300D0F848 /* Build configuration list for PBXNativeTarget "SpartanDriveTests" */ = {
			isa = XCConfigurationList;
			buildConfigurations = (
				091A26D52405E36300D0F848 /* Debug */,
				091A26D62405E36300D0F848 /* Release */,
			);
			defaultConfigurationIsVisible = 0;
			defaultConfigurationName = Release;
		};
		091A26D72405E36300D0F848 /* Build configuration list for PBXNativeTarget "SpartanDriveUITests" */ = {
			isa = XCConfigurationList;
			buildConfigurations = (
				091A26D82405E36300D0F848 /* Debug */,
				091A26D92405E36300D0F848 /* Release */,
			);
			defaultConfigurationIsVisible = 0;
			defaultConfigurationName = Release;
		};
/* End XCConfigurationList section */
	};
	rootObject = 091A269F2405E36100D0F848 /* Project object */;
}
